
Microsoft Visual Studio Solution File, Format Version 12.00
# Visual Studio Version 17
VisualStudioVersion = 17.14.36221.1 d17.14
MinimumVisualStudioVersion = 10.0.40219.1
Project("{FAE04EC0-301F-11D3-BF4B-00C04F79EFBC}") = "Xmini", "Xmini\Xmini.csproj", "{53650AFE-66D7-48B3-BCBF-EE119B92BFC6}"
EndProject
Global
	GlobalSection(SolutionConfigurationPlatforms) = preSolution
		Debug|Any CPU = Debug|Any CPU
		Release|Any CPU = Release|Any CPU
	EndGlobalSection
	GlobalSection(ProjectConfigurationPlatforms) = postSolution
		{53650AFE-66D7-48B3-BCBF-EE119B92BFC6}.Debug|Any CPU.ActiveCfg = Debug|Any CPU
		{53650AFE-66D7-48B3-BCBF-EE119B92BFC6}.Debug|Any CPU.Build.0 = Debug|Any CPU
		{53650AFE-66D7-48B3-BCBF-EE119B92BFC6}.Release|Any CPU.ActiveCfg = Release|Any CPU
		{53650AFE-66D7-48B3-BCBF-EE119B92BFC6}.Release|Any CPU.Build.0 = Release|Any CPU
	EndGlobalSection
	GlobalSection(SolutionProperties) = preSolution
		HideSolutionNode = FALSE
	EndGlobalSection
	GlobalSection(ExtensibilityGlobals) = postSolution
		SolutionGuid = {0F6A890F-01A5-4CCF-9EF6-3000555A8E58}
	EndGlobalSection
EndGlobal
